
Microsoft Visual Studio Solution File, Format Version 12.00
# Visual Studio Version 17
VisualStudioVersion = 17.12.35707.178 d17.12
MinimumVisualStudioVersion = 10.0.40219.1
Project("{FAE04EC0-301F-11D3-BF4B-00C04F79EFBC}") = "лаб111", "лаб111\лаб111.csproj", "{AA73C11E-EA68-421E-B56E-BF00129D10DF}"
EndProject
Project("{FAE04EC0-301F-11D3-BF4B-00C04F79EFBC}") = "ClassLibrary", "..\лаб10\ClassLibrary\ClassLibrary.csproj", "{F9C16D68-48B7-4985-99C9-F2ABA5DF8AAE}"
EndProject
Global
	GlobalSection(SolutionConfigurationPlatforms) = preSolution
		Debug|Any CPU = Debug|Any CPU
		Release|Any CPU = Release|Any CPU
	EndGlobalSection
	GlobalSection(ProjectConfigurationPlatforms) = postSolution
		{AA73C11E-EA68-421E-B56E-BF00129D10DF}.Debug|Any CPU.ActiveCfg = Debug|Any CPU
		{AA73C11E-EA68-421E-B56E-BF00129D10DF}.Debug|Any CPU.Build.0 = Debug|Any CPU
		{AA73C11E-EA68-421E-B56E-BF00129D10DF}.Release|Any CPU.ActiveCfg = Release|Any CPU
		{AA73C11E-EA68-421E-B56E-BF00129D10DF}.Release|Any CPU.Build.0 = Release|Any CPU
		{F9C16D68-48B7-4985-99C9-F2ABA5DF8AAE}.Debug|Any CPU.ActiveCfg = Debug|Any CPU
		{F9C16D68-48B7-4985-99C9-F2ABA5DF8AAE}.Debug|Any CPU.Build.0 = Debug|Any CPU
		{F9C16D68-48B7-4985-99C9-F2ABA5DF8AAE}.Release|Any CPU.ActiveCfg = Release|Any CPU
		{F9C16D68-48B7-4985-99C9-F2ABA5DF8AAE}.Release|Any CPU.Build.0 = Release|Any CPU
	EndGlobalSection
	GlobalSection(SolutionProperties) = preSolution
		HideSolutionNode = FALSE
	EndGlobalSection
EndGlobal
